
Microsoft Visual Studio Solution File, Format Version 12.00
# Visual Studio 14
VisualStudioVersion = 14.0.25420.1
MinimumVisualStudioVersion = 10.0.40219.1
Project("{FAE04EC0-301F-11D3-BF4B-00C04F79EFBC}") = "Shop", "Shop\Shop.csproj", "{BA99D144-E7F4-4B43-B03D-8E804F58692F}"
EndProject
Project("{FAE04EC0-301F-11D3-BF4B-00C04F79EFBC}") = "Models", "Models\Models.csproj", "{0D2F8DAA-5C14-4774-9DEE-A40CF1C98F17}"
EndProject
Global
	GlobalSection(SolutionConfigurationPlatforms) = preSolution
		Debug|Any CPU = Debug|Any CPU
		Release|Any CPU = Release|Any CPU
	EndGlobalSection
	GlobalSection(ProjectConfigurationPlatforms) = postSolution
		{BA99D144-E7F4-4B43-B03D-8E804F58692F}.Debug|Any CPU.ActiveCfg = Debug|Any CPU
		{BA99D144-E7F4-4B43-B03D-8E804F58692F}.Debug|Any CPU.Build.0 = Debug|Any CPU
		{BA99D144-E7F4-4B43-B03D-8E804F58692F}.Release|Any CPU.ActiveCfg = Release|Any CPU
		{BA99D144-E7F4-4B43-B03D-8E804F58692F}.Release|Any CPU.Build.0 = Release|Any CPU
		{0D2F8DAA-5C14-4774-9DEE-A40CF1C98F17}.Debug|Any CPU.ActiveCfg = Debug|Any CPU
		{0D2F8DAA-5C14-4774-9DEE-A40CF1C98F17}.Debug|Any CPU.Build.0 = Debug|Any CPU
		{0D2F8DAA-5C14-4774-9DEE-A40CF1C98F17}.Release|Any CPU.ActiveCfg = Release|Any CPU
		{0D2F8DAA-5C14-4774-9DEE-A40CF1C98F17}.Release|Any CPU.Build.0 = Release|Any CPU
	EndGlobalSection
	GlobalSection(SolutionProperties) = preSolution
		HideSolutionNode = FALSE
	EndGlobalSection
EndGlobal
